{
    "_meta": {
        "hash": {
            "sha256": "9df91b80c10951d82566bfa81383c225601c441b12d3925f6cff6a58d7a89862"
        },
        "pipfile-spec": 6,
        "requires": {
            "python_version": "3.9"
        },
        "sources": [
            {
                "name": "pypi",
                "url": "https://pypi.org/simple",
                "verify_ssl": true
            }
        ]
    },
    "default": {
        "modbus-tk": {
            "hashes": [
                "sha256:893514bbd8c92118d20a19979e0239e7cb2a63f8f1795a0271e57def09d11770"
            ],
            "index": "pypi",
            "version": "==1.1.2"
        },
        "pyserial": {
            "hashes": [
                "sha256:3c77e014170dfffbd816e6ffc205e9842efb10be9f58ec16d3e8675b4925cddb",
                "sha256:c4451db6ba391ca6ca299fb3ec7bae67a5c55dde170964c7a14ceefec02f2cf0"
            ],
            "version": "==3.5"
        }
    },
    "develop": {}
}
